
Microsoft Visual Studio Solution File, Format Version 12.00
# Visual Studio Version 16
VisualStudioVersion = 16.6.30114.105
MinimumVisualStudioVersion = 10.0.40219.1
Project("{FAE04EC0-301F-11D3-BF4B-00C04F79EFBC}") = "FamousQuotes", "FamousQuotes\FamousQuotes.csproj", "{32F4550A-CF53-49C6-808C-B7A7F3598BF6}"
EndProject
Project("{FAE04EC0-301F-11D3-BF4B-00C04F79EFBC}") = "NPCPerksWithMethods", "NPCPerksWithMethods\NPCPerksWithMethods.csproj", "{3C276A78-9882-4E5B-9EF6-B3455DA4EF7D}"
EndProject
Project("{FAE04EC0-301F-11D3-BF4B-00C04F79EFBC}") = "Exercicio1", "Exercicio1\Exercicio1.csproj", "{52A1BB00-0394-4FEC-838A-6DE1D0EF1590}"
EndProject
Project("{FAE04EC0-301F-11D3-BF4B-00C04F79EFBC}") = "Exercicio4", "Exercicio4\Exercicio4.csproj", "{7BDD97D8-F009-474E-824F-E1950B4EDD7D}"
EndProject
Project("{FAE04EC0-301F-11D3-BF4B-00C04F79EFBC}") = "Exercicio5", "Exercicio5\Exercicio5.csproj", "{3116541C-388E-4398-B3EC-2A45F1165D5E}"
EndProject
Project("{FAE04EC0-301F-11D3-BF4B-00C04F79EFBC}") = "Exercicio6", "Exercicio6\Exercicio6.csproj", "{6D857415-F0B1-48B6-AE10-F87CAF085B56}"
EndProject
Project("{FAE04EC0-301F-11D3-BF4B-00C04F79EFBC}") = "Exercicio7", "Exercicio7\Exercicio7.csproj", "{87467ABF-C2B2-4BC4-8709-C853599247B0}"
EndProject
Global
	GlobalSection(SolutionConfigurationPlatforms) = preSolution
		Debug|Any CPU = Debug|Any CPU
		Debug|x64 = Debug|x64
		Debug|x86 = Debug|x86
		Release|Any CPU = Release|Any CPU
		Release|x64 = Release|x64
		Release|x86 = Release|x86
	EndGlobalSection
	GlobalSection(SolutionProperties) = preSolution
		HideSolutionNode = FALSE
	EndGlobalSection
	GlobalSection(ProjectConfigurationPlatforms) = postSolution
		{32F4550A-CF53-49C6-808C-B7A7F3598BF6}.Debug|Any CPU.ActiveCfg = Debug|Any CPU
		{32F4550A-CF53-49C6-808C-B7A7F3598BF6}.Debug|Any CPU.Build.0 = Debug|Any CPU
		{32F4550A-CF53-49C6-808C-B7A7F3598BF6}.Debug|x64.ActiveCfg = Debug|Any CPU
		{32F4550A-CF53-49C6-808C-B7A7F3598BF6}.Debug|x64.Build.0 = Debug|Any CPU
		{32F4550A-CF53-49C6-808C-B7A7F3598BF6}.Debug|x86.ActiveCfg = Debug|Any CPU
		{32F4550A-CF53-49C6-808C-B7A7F3598BF6}.Debug|x86.Build.0 = Debug|Any CPU
		{32F4550A-CF53-49C6-808C-B7A7F3598BF6}.Release|Any CPU.ActiveCfg = Release|Any CPU
		{32F4550A-CF53-49C6-808C-B7A7F3598BF6}.Release|Any CPU.Build.0 = Release|Any CPU
		{32F4550A-CF53-49C6-808C-B7A7F3598BF6}.Release|x64.ActiveCfg = Release|Any CPU
		{32F4550A-CF53-49C6-808C-B7A7F3598BF6}.Release|x64.Build.0 = Release|Any CPU
		{32F4550A-CF53-49C6-808C-B7A7F3598BF6}.Release|x86.ActiveCfg = Release|Any CPU
		{32F4550A-CF53-49C6-808C-B7A7F3598BF6}.Release|x86.Build.0 = Release|Any CPU
		{3C276A78-9882-4E5B-9EF6-B3455DA4EF7D}.Debug|Any CPU.ActiveCfg = Debug|Any CPU
		{3C276A78-9882-4E5B-9EF6-B3455DA4EF7D}.Debug|Any CPU.Build.0 = Debug|Any CPU
		{3C276A78-9882-4E5B-9EF6-B3455DA4EF7D}.Debug|x64.ActiveCfg = Debug|Any CPU
		{3C276A78-9882-4E5B-9EF6-B3455DA4EF7D}.Debug|x64.Build.0 = Debug|Any CPU
		{3C276A78-9882-4E5B-9EF6-B3455DA4EF7D}.Debug|x86.ActiveCfg = Debug|Any CPU
		{3C276A78-9882-4E5B-9EF6-B3455DA4EF7D}.Debug|x86.Build.0 = Debug|Any CPU
		{3C276A78-9882-4E5B-9EF6-B3455DA4EF7D}.Release|Any CPU.ActiveCfg = Release|Any CPU
		{3C276A78-9882-4E5B-9EF6-B3455DA4EF7D}.Release|Any CPU.Build.0 = Release|Any CPU
		{3C276A78-9882-4E5B-9EF6-B3455DA4EF7D}.Release|x64.ActiveCfg = Release|Any CPU
		{3C276A78-9882-4E5B-9EF6-B3455DA4EF7D}.Release|x64.Build.0 = Release|Any CPU
		{3C276A78-9882-4E5B-9EF6-B3455DA4EF7D}.Release|x86.ActiveCfg = Release|Any CPU
		{3C276A78-9882-4E5B-9EF6-B3455DA4EF7D}.Release|x86.Build.0 = Release|Any CPU
		{52A1BB00-0394-4FEC-838A-6DE1D0EF1590}.Debug|Any CPU.ActiveCfg = Debug|Any CPU
		{52A1BB00-0394-4FEC-838A-6DE1D0EF1590}.Debug|Any CPU.Build.0 = Debug|Any CPU
		{52A1BB00-0394-4FEC-838A-6DE1D0EF1590}.Debug|x64.ActiveCfg = Debug|Any CPU
		{52A1BB00-0394-4FEC-838A-6DE1D0EF1590}.Debug|x64.Build.0 = Debug|Any CPU
		{52A1BB00-0394-4FEC-838A-6DE1D0EF1590}.Debug|x86.ActiveCfg = Debug|Any CPU
		{52A1BB00-0394-4FEC-838A-6DE1D0EF1590}.Debug|x86.Build.0 = Debug|Any CPU
		{52A1BB00-0394-4FEC-838A-6DE1D0EF1590}.Release|Any CPU.ActiveCfg = Release|Any CPU
		{52A1BB00-0394-4FEC-838A-6DE1D0EF1590}.Release|Any CPU.Build.0 = Release|Any CPU
		{52A1BB00-0394-4FEC-838A-6DE1D0EF1590}.Release|x64.ActiveCfg = Release|Any CPU
		{52A1BB00-0394-4FEC-838A-6DE1D0EF1590}.Release|x64.Build.0 = Release|Any CPU
		{52A1BB00-0394-4FEC-838A-6DE1D0EF1590}.Release|x86.ActiveCfg = Release|Any CPU
		{52A1BB00-0394-4FEC-838A-6DE1D0EF1590}.Release|x86.Build.0 = Release|Any CPU
		{7BDD97D8-F009-474E-824F-E1950B4EDD7D}.Debug|Any CPU.ActiveCfg = Debug|Any CPU
		{7BDD97D8-F009-474E-824F-E1950B4EDD7D}.Debug|Any CPU.Build.0 = Debug|Any CPU
		{7BDD97D8-F009-474E-824F-E1950B4EDD7D}.Debug|x64.ActiveCfg = Debug|Any CPU
		{7BDD97D8-F009-474E-824F-E1950B4EDD7D}.Debug|x64.Build.0 = Debug|Any CPU
		{7BDD97D8-F009-474E-824F-E1950B4EDD7D}.Debug|x86.ActiveCfg = Debug|Any CPU
		{7BDD97D8-F009-474E-824F-E1950B4EDD7D}.Debug|x86.Build.0 = Debug|Any CPU
		{7BDD97D8-F009-474E-824F-E1950B4EDD7D}.Release|Any CPU.ActiveCfg = Release|Any CPU
		{7BDD97D8-F009-474E-824F-E1950B4EDD7D}.Release|Any CPU.Build.0 = Release|Any CPU
		{7BDD97D8-F009-474E-824F-E1950B4EDD7D}.Release|x64.ActiveCfg = Release|Any CPU
		{7BDD97D8-F009-474E-824F-E1950B4EDD7D}.Release|x64.Build.0 = Release|Any CPU
		{7BDD97D8-F009-474E-824F-E1950B4EDD7D}.Release|x86.ActiveCfg = Release|Any CPU
		{7BDD97D8-F009-474E-824F-E1950B4EDD7D}.Release|x86.Build.0 = Release|Any CPU
		{3116541C-388E-4398-B3EC-2A45F1165D5E}.Debug|Any CPU.ActiveCfg = Debug|Any CPU
		{3116541C-388E-4398-B3EC-2A45F1165D5E}.Debug|Any CPU.Build.0 = Debug|Any CPU
		{3116541C-388E-4398-B3EC-2A45F1165D5E}.Debug|x64.ActiveCfg = Debug|Any CPU
		{3116541C-388E-4398-B3EC-2A45F1165D5E}.Debug|x64.Build.0 = Debug|Any CPU
		{3116541C-388E-4398-B3EC-2A45F1165D5E}.Debug|x86.ActiveCfg = Debug|Any CPU
		{3116541C-388E-4398-B3EC-2A45F1165D5E}.Debug|x86.Build.0 = Debug|Any CPU
		{3116541C-388E-4398-B3EC-2A45F1165D5E}.Release|Any CPU.ActiveCfg = Release|Any CPU
		{3116541C-388E-4398-B3EC-2A45F1165D5E}.Release|Any CPU.Build.0 = Release|Any CPU
		{3116541C-388E-4398-B3EC-2A45F1165D5E}.Release|x64.ActiveCfg = Release|Any CPU
		{3116541C-388E-4398-B3EC-2A45F1165D5E}.Release|x64.Build.0 = Release|Any CPU
		{3116541C-388E-4398-B3EC-2A45F1165D5E}.Release|x86.ActiveCfg = Release|Any CPU
		{3116541C-388E-4398-B3EC-2A45F1165D5E}.Release|x86.Build.0 = Release|Any CPU
		{6D857415-F0B1-48B6-AE10-F87CAF085B56}.Debug|Any CPU.ActiveCfg = Debug|Any CPU
		{6D857415-F0B1-48B6-AE10-F87CAF085B56}.Debug|Any CPU.Build.0 = Debug|Any CPU
		{6D857415-F0B1-48B6-AE10-F87CAF085B56}.Debug|x64.ActiveCfg = Debug|Any CPU
		{6D857415-F0B1-48B6-AE10-F87CAF085B56}.Debug|x64.Build.0 = Debug|Any CPU
		{6D857415-F0B1-48B6-AE10-F87CAF085B56}.Debug|x86.ActiveCfg = Debug|Any CPU
		{6D857415-F0B1-48B6-AE10-F87CAF085B56}.Debug|x86.Build.0 = Debug|Any CPU
		{6D857415-F0B1-48B6-AE10-F87CAF085B56}.Release|Any CPU.ActiveCfg = Release|Any CPU
		{6D857415-F0B1-48B6-AE10-F87CAF085B56}.Release|Any CPU.Build.0 = Release|Any CPU
		{6D857415-F0B1-48B6-AE10-F87CAF085B56}.Release|x64.ActiveCfg = Release|Any CPU
		{6D857415-F0B1-48B6-AE10-F87CAF085B56}.Release|x64.Build.0 = Release|Any CPU
		{6D857415-F0B1-48B6-AE10-F87CAF085B56}.Release|x86.ActiveCfg = Release|Any CPU
		{6D857415-F0B1-48B6-AE10-F87CAF085B56}.Release|x86.Build.0 = Release|Any CPU
		{87467ABF-C2B2-4BC4-8709-C853599247B0}.Debug|Any CPU.ActiveCfg = Debug|Any CPU
		{87467ABF-C2B2-4BC4-8709-C853599247B0}.Debug|Any CPU.Build.0 = Debug|Any CPU
		{87467ABF-C2B2-4BC4-8709-C853599247B0}.Debug|x64.ActiveCfg = Debug|Any CPU
		{87467ABF-C2B2-4BC4-8709-C853599247B0}.Debug|x64.Build.0 = Debug|Any CPU
		{87467ABF-C2B2-4BC4-8709-C853599247B0}.Debug|x86.ActiveCfg = Debug|Any CPU
		{87467ABF-C2B2-4BC4-8709-C853599247B0}.Debug|x86.Build.0 = Debug|Any CPU
		{87467ABF-C2B2-4BC4-8709-C853599247B0}.Release|Any CPU.ActiveCfg = Release|Any CPU
		{87467ABF-C2B2-4BC4-8709-C853599247B0}.Release|Any CPU.Build.0 = Release|Any CPU
		{87467ABF-C2B2-4BC4-8709-C853599247B0}.Release|x64.ActiveCfg = Release|Any CPU
		{87467ABF-C2B2-4BC4-8709-C853599247B0}.Release|x64.Build.0 = Release|Any CPU
		{87467ABF-C2B2-4BC4-8709-C853599247B0}.Release|x86.ActiveCfg = Release|Any CPU
		{87467ABF-C2B2-4BC4-8709-C853599247B0}.Release|x86.Build.0 = Release|Any CPU
	EndGlobalSection
EndGlobal
