
Microsoft Visual Studio Solution File, Format Version 12.00
# Visual Studio 15
VisualStudioVersion = 15.0.26124.0
MinimumVisualStudioVersion = 15.0.26124.0
Project("{FAE04EC0-301F-11D3-BF4B-00C04F79EFBC}") = "BreakContinue", "BreakContinue\BreakContinue.csproj", "{C09A6691-4F9E-4DC1-BE89-771D6EDF53AD}"
EndProject
Project("{FAE04EC0-301F-11D3-BF4B-00C04F79EFBC}") = "IfExample", "IfExample\IfExample.csproj", "{3544CCD3-EE98-42C5-A6CA-55BD2B25777D}"
EndProject
Project("{FAE04EC0-301F-11D3-BF4B-00C04F79EFBC}") = "Skynet", "Skynet\Skynet.csproj", "{6C1B56D9-F7BF-4809-9C91-60785BA36887}"
EndProject
Project("{FAE04EC0-301F-11D3-BF4B-00C04F79EFBC}") = "Exercicio1", "Exercicio1\Exercicio1.csproj", "{7D9CAD30-45D0-4569-B3C9-F3A690217F90}"
EndProject
Project("{FAE04EC0-301F-11D3-BF4B-00C04F79EFBC}") = "Exercicio4e5", "Exercicio4e5\Exercicio4e5.csproj", "{43F7D113-CE5E-4A25-83F6-61C57C234247}"
EndProject
Project("{FAE04EC0-301F-11D3-BF4B-00C04F79EFBC}") = "Exercicio6e7", "Exercicio6e7\Exercicio6e7.csproj", "{1415074E-E069-4649-A56E-B4962035EA01}"
EndProject
Project("{FAE04EC0-301F-11D3-BF4B-00C04F79EFBC}") = "Exercicio8", "Exercicio8\Exercicio8.csproj", "{8CB5620E-BEDC-4CEE-885A-47F593531EA6}"
EndProject
Project("{FAE04EC0-301F-11D3-BF4B-00C04F79EFBC}") = "Exercicio9", "Exercicio9\Exercicio9.csproj", "{75317248-073F-4125-9188-6145D539C0AA}"
EndProject
Global
	GlobalSection(SolutionConfigurationPlatforms) = preSolution
		Debug|Any CPU = Debug|Any CPU
		Debug|x64 = Debug|x64
		Debug|x86 = Debug|x86
		Release|Any CPU = Release|Any CPU
		Release|x64 = Release|x64
		Release|x86 = Release|x86
	EndGlobalSection
	GlobalSection(SolutionProperties) = preSolution
		HideSolutionNode = FALSE
	EndGlobalSection
	GlobalSection(ProjectConfigurationPlatforms) = postSolution
		{C09A6691-4F9E-4DC1-BE89-771D6EDF53AD}.Debug|Any CPU.ActiveCfg = Debug|Any CPU
		{C09A6691-4F9E-4DC1-BE89-771D6EDF53AD}.Debug|Any CPU.Build.0 = Debug|Any CPU
		{C09A6691-4F9E-4DC1-BE89-771D6EDF53AD}.Debug|x64.ActiveCfg = Debug|Any CPU
		{C09A6691-4F9E-4DC1-BE89-771D6EDF53AD}.Debug|x64.Build.0 = Debug|Any CPU
		{C09A6691-4F9E-4DC1-BE89-771D6EDF53AD}.Debug|x86.ActiveCfg = Debug|Any CPU
		{C09A6691-4F9E-4DC1-BE89-771D6EDF53AD}.Debug|x86.Build.0 = Debug|Any CPU
		{C09A6691-4F9E-4DC1-BE89-771D6EDF53AD}.Release|Any CPU.ActiveCfg = Release|Any CPU
		{C09A6691-4F9E-4DC1-BE89-771D6EDF53AD}.Release|Any CPU.Build.0 = Release|Any CPU
		{C09A6691-4F9E-4DC1-BE89-771D6EDF53AD}.Release|x64.ActiveCfg = Release|Any CPU
		{C09A6691-4F9E-4DC1-BE89-771D6EDF53AD}.Release|x64.Build.0 = Release|Any CPU
		{C09A6691-4F9E-4DC1-BE89-771D6EDF53AD}.Release|x86.ActiveCfg = Release|Any CPU
		{C09A6691-4F9E-4DC1-BE89-771D6EDF53AD}.Release|x86.Build.0 = Release|Any CPU
		{3544CCD3-EE98-42C5-A6CA-55BD2B25777D}.Debug|Any CPU.ActiveCfg = Debug|Any CPU
		{3544CCD3-EE98-42C5-A6CA-55BD2B25777D}.Debug|Any CPU.Build.0 = Debug|Any CPU
		{3544CCD3-EE98-42C5-A6CA-55BD2B25777D}.Debug|x64.ActiveCfg = Debug|Any CPU
		{3544CCD3-EE98-42C5-A6CA-55BD2B25777D}.Debug|x64.Build.0 = Debug|Any CPU
		{3544CCD3-EE98-42C5-A6CA-55BD2B25777D}.Debug|x86.ActiveCfg = Debug|Any CPU
		{3544CCD3-EE98-42C5-A6CA-55BD2B25777D}.Debug|x86.Build.0 = Debug|Any CPU
		{3544CCD3-EE98-42C5-A6CA-55BD2B25777D}.Release|Any CPU.ActiveCfg = Release|Any CPU
		{3544CCD3-EE98-42C5-A6CA-55BD2B25777D}.Release|Any CPU.Build.0 = Release|Any CPU
		{3544CCD3-EE98-42C5-A6CA-55BD2B25777D}.Release|x64.ActiveCfg = Release|Any CPU
		{3544CCD3-EE98-42C5-A6CA-55BD2B25777D}.Release|x64.Build.0 = Release|Any CPU
		{3544CCD3-EE98-42C5-A6CA-55BD2B25777D}.Release|x86.ActiveCfg = Release|Any CPU
		{3544CCD3-EE98-42C5-A6CA-55BD2B25777D}.Release|x86.Build.0 = Release|Any CPU
		{6C1B56D9-F7BF-4809-9C91-60785BA36887}.Debug|Any CPU.ActiveCfg = Debug|Any CPU
		{6C1B56D9-F7BF-4809-9C91-60785BA36887}.Debug|Any CPU.Build.0 = Debug|Any CPU
		{6C1B56D9-F7BF-4809-9C91-60785BA36887}.Debug|x64.ActiveCfg = Debug|Any CPU
		{6C1B56D9-F7BF-4809-9C91-60785BA36887}.Debug|x64.Build.0 = Debug|Any CPU
		{6C1B56D9-F7BF-4809-9C91-60785BA36887}.Debug|x86.ActiveCfg = Debug|Any CPU
		{6C1B56D9-F7BF-4809-9C91-60785BA36887}.Debug|x86.Build.0 = Debug|Any CPU
		{6C1B56D9-F7BF-4809-9C91-60785BA36887}.Release|Any CPU.ActiveCfg = Release|Any CPU
		{6C1B56D9-F7BF-4809-9C91-60785BA36887}.Release|Any CPU.Build.0 = Release|Any CPU
		{6C1B56D9-F7BF-4809-9C91-60785BA36887}.Release|x64.ActiveCfg = Release|Any CPU
		{6C1B56D9-F7BF-4809-9C91-60785BA36887}.Release|x64.Build.0 = Release|Any CPU
		{6C1B56D9-F7BF-4809-9C91-60785BA36887}.Release|x86.ActiveCfg = Release|Any CPU
		{6C1B56D9-F7BF-4809-9C91-60785BA36887}.Release|x86.Build.0 = Release|Any CPU
		{7D9CAD30-45D0-4569-B3C9-F3A690217F90}.Debug|Any CPU.ActiveCfg = Debug|Any CPU
		{7D9CAD30-45D0-4569-B3C9-F3A690217F90}.Debug|Any CPU.Build.0 = Debug|Any CPU
		{7D9CAD30-45D0-4569-B3C9-F3A690217F90}.Debug|x64.ActiveCfg = Debug|Any CPU
		{7D9CAD30-45D0-4569-B3C9-F3A690217F90}.Debug|x64.Build.0 = Debug|Any CPU
		{7D9CAD30-45D0-4569-B3C9-F3A690217F90}.Debug|x86.ActiveCfg = Debug|Any CPU
		{7D9CAD30-45D0-4569-B3C9-F3A690217F90}.Debug|x86.Build.0 = Debug|Any CPU
		{7D9CAD30-45D0-4569-B3C9-F3A690217F90}.Release|Any CPU.ActiveCfg = Release|Any CPU
		{7D9CAD30-45D0-4569-B3C9-F3A690217F90}.Release|Any CPU.Build.0 = Release|Any CPU
		{7D9CAD30-45D0-4569-B3C9-F3A690217F90}.Release|x64.ActiveCfg = Release|Any CPU
		{7D9CAD30-45D0-4569-B3C9-F3A690217F90}.Release|x64.Build.0 = Release|Any CPU
		{7D9CAD30-45D0-4569-B3C9-F3A690217F90}.Release|x86.ActiveCfg = Release|Any CPU
		{7D9CAD30-45D0-4569-B3C9-F3A690217F90}.Release|x86.Build.0 = Release|Any CPU
		{43F7D113-CE5E-4A25-83F6-61C57C234247}.Debug|Any CPU.ActiveCfg = Debug|Any CPU
		{43F7D113-CE5E-4A25-83F6-61C57C234247}.Debug|Any CPU.Build.0 = Debug|Any CPU
		{43F7D113-CE5E-4A25-83F6-61C57C234247}.Debug|x64.ActiveCfg = Debug|Any CPU
		{43F7D113-CE5E-4A25-83F6-61C57C234247}.Debug|x64.Build.0 = Debug|Any CPU
		{43F7D113-CE5E-4A25-83F6-61C57C234247}.Debug|x86.ActiveCfg = Debug|Any CPU
		{43F7D113-CE5E-4A25-83F6-61C57C234247}.Debug|x86.Build.0 = Debug|Any CPU
		{43F7D113-CE5E-4A25-83F6-61C57C234247}.Release|Any CPU.ActiveCfg = Release|Any CPU
		{43F7D113-CE5E-4A25-83F6-61C57C234247}.Release|Any CPU.Build.0 = Release|Any CPU
		{43F7D113-CE5E-4A25-83F6-61C57C234247}.Release|x64.ActiveCfg = Release|Any CPU
		{43F7D113-CE5E-4A25-83F6-61C57C234247}.Release|x64.Build.0 = Release|Any CPU
		{43F7D113-CE5E-4A25-83F6-61C57C234247}.Release|x86.ActiveCfg = Release|Any CPU
		{43F7D113-CE5E-4A25-83F6-61C57C234247}.Release|x86.Build.0 = Release|Any CPU
		{1415074E-E069-4649-A56E-B4962035EA01}.Debug|Any CPU.ActiveCfg = Debug|Any CPU
		{1415074E-E069-4649-A56E-B4962035EA01}.Debug|Any CPU.Build.0 = Debug|Any CPU
		{1415074E-E069-4649-A56E-B4962035EA01}.Debug|x64.ActiveCfg = Debug|Any CPU
		{1415074E-E069-4649-A56E-B4962035EA01}.Debug|x64.Build.0 = Debug|Any CPU
		{1415074E-E069-4649-A56E-B4962035EA01}.Debug|x86.ActiveCfg = Debug|Any CPU
		{1415074E-E069-4649-A56E-B4962035EA01}.Debug|x86.Build.0 = Debug|Any CPU
		{1415074E-E069-4649-A56E-B4962035EA01}.Release|Any CPU.ActiveCfg = Release|Any CPU
		{1415074E-E069-4649-A56E-B4962035EA01}.Release|Any CPU.Build.0 = Release|Any CPU
		{1415074E-E069-4649-A56E-B4962035EA01}.Release|x64.ActiveCfg = Release|Any CPU
		{1415074E-E069-4649-A56E-B4962035EA01}.Release|x64.Build.0 = Release|Any CPU
		{1415074E-E069-4649-A56E-B4962035EA01}.Release|x86.ActiveCfg = Release|Any CPU
		{1415074E-E069-4649-A56E-B4962035EA01}.Release|x86.Build.0 = Release|Any CPU
		{8CB5620E-BEDC-4CEE-885A-47F593531EA6}.Debug|Any CPU.ActiveCfg = Debug|Any CPU
		{8CB5620E-BEDC-4CEE-885A-47F593531EA6}.Debug|Any CPU.Build.0 = Debug|Any CPU
		{8CB5620E-BEDC-4CEE-885A-47F593531EA6}.Debug|x64.ActiveCfg = Debug|Any CPU
		{8CB5620E-BEDC-4CEE-885A-47F593531EA6}.Debug|x64.Build.0 = Debug|Any CPU
		{8CB5620E-BEDC-4CEE-885A-47F593531EA6}.Debug|x86.ActiveCfg = Debug|Any CPU
		{8CB5620E-BEDC-4CEE-885A-47F593531EA6}.Debug|x86.Build.0 = Debug|Any CPU
		{8CB5620E-BEDC-4CEE-885A-47F593531EA6}.Release|Any CPU.ActiveCfg = Release|Any CPU
		{8CB5620E-BEDC-4CEE-885A-47F593531EA6}.Release|Any CPU.Build.0 = Release|Any CPU
		{8CB5620E-BEDC-4CEE-885A-47F593531EA6}.Release|x64.ActiveCfg = Release|Any CPU
		{8CB5620E-BEDC-4CEE-885A-47F593531EA6}.Release|x64.Build.0 = Release|Any CPU
		{8CB5620E-BEDC-4CEE-885A-47F593531EA6}.Release|x86.ActiveCfg = Release|Any CPU
		{8CB5620E-BEDC-4CEE-885A-47F593531EA6}.Release|x86.Build.0 = Release|Any CPU
		{75317248-073F-4125-9188-6145D539C0AA}.Debug|Any CPU.ActiveCfg = Debug|Any CPU
		{75317248-073F-4125-9188-6145D539C0AA}.Debug|Any CPU.Build.0 = Debug|Any CPU
		{75317248-073F-4125-9188-6145D539C0AA}.Debug|x64.ActiveCfg = Debug|Any CPU
		{75317248-073F-4125-9188-6145D539C0AA}.Debug|x64.Build.0 = Debug|Any CPU
		{75317248-073F-4125-9188-6145D539C0AA}.Debug|x86.ActiveCfg = Debug|Any CPU
		{75317248-073F-4125-9188-6145D539C0AA}.Debug|x86.Build.0 = Debug|Any CPU
		{75317248-073F-4125-9188-6145D539C0AA}.Release|Any CPU.ActiveCfg = Release|Any CPU
		{75317248-073F-4125-9188-6145D539C0AA}.Release|Any CPU.Build.0 = Release|Any CPU
		{75317248-073F-4125-9188-6145D539C0AA}.Release|x64.ActiveCfg = Release|Any CPU
		{75317248-073F-4125-9188-6145D539C0AA}.Release|x64.Build.0 = Release|Any CPU
		{75317248-073F-4125-9188-6145D539C0AA}.Release|x86.ActiveCfg = Release|Any CPU
		{75317248-073F-4125-9188-6145D539C0AA}.Release|x86.Build.0 = Release|Any CPU
	EndGlobalSection
EndGlobal
